
Microsoft Visual Studio Solution File, Format Version 12.00
# Visual Studio 15
VisualStudioVersion = 15.0.28307.539
MinimumVisualStudioVersion = 10.0.40219.1
Project("{FAE04EC0-301F-11D3-BF4B-00C04F79EFBC}") = "биоритма", "биоритма\биоритма.csproj", "{CEACCC8F-DF6A-44F3-B0FF-0ABA279350D5}"
EndProject
Global
	GlobalSection(SolutionConfigurationPlatforms) = preSolution
		Debug|Any CPU = Debug|Any CPU
		Release|Any CPU = Release|Any CPU
	EndGlobalSection
	GlobalSection(ProjectConfigurationPlatforms) = postSolution
		{CEACCC8F-DF6A-44F3-B0FF-0ABA279350D5}.Debug|Any CPU.ActiveCfg = Debug|Any CPU
		{CEACCC8F-DF6A-44F3-B0FF-0ABA279350D5}.Debug|Any CPU.Build.0 = Debug|Any CPU
		{CEACCC8F-DF6A-44F3-B0FF-0ABA279350D5}.Release|Any CPU.ActiveCfg = Release|Any CPU
		{CEACCC8F-DF6A-44F3-B0FF-0ABA279350D5}.Release|Any CPU.Build.0 = Release|Any CPU
	EndGlobalSection
	GlobalSection(SolutionProperties) = preSolution
		HideSolutionNode = FALSE
	EndGlobalSection
	GlobalSection(ExtensibilityGlobals) = postSolution
		SolutionGuid = {1DCCADA6-6377-408F-AED3-CC09DED4AF02}
	EndGlobalSection
EndGlobal
